// !$*UTF8*$!
{
	archiveVersion = 1;
	classes = {
	};
	objectVersion = 50;
	objects = {

/* Begin PBXBuildFile section */
		2495F0D92217818B0024300F /* AppDelegate.swift in Sources */ = {isa = PBXBuildFile; fileRef = 2495F0D82217818B0024300F /* AppDelegate.swift */; };
		2495F0DE2217818B0024300F /* Main.storyboard in Resources */ = {isa = PBXBuildFile; fileRef = 2495F0DC2217818B0024300F /* Main.storyboard */; };
		2495F0E12217818B0024300F /* PensamentosApp.xcdatamodeld in Sources */ = {isa = PBXBuildFile; fileRef = 2495F0DF2217818B0024300F /* PensamentosApp.xcdatamodeld */; };
		2495F0E32217818D0024300F /* Assets.xcassets in Resources */ = {isa = PBXBuildFile; fileRef = 2495F0E22217818D0024300F /* Assets.xcassets */; };
		2495F0E62217818D0024300F /* LaunchScreen.storyboard in Resources */ = {isa = PBXBuildFile; fileRef = 2495F0E42217818D0024300F /* LaunchScreen.storyboard */; };
		2495F0F12217818D0024300F /* PensamentosAppTests.swift in Sources */ = {isa = PBXBuildFile; fileRef = 2495F0F02217818D0024300F /* PensamentosAppTests.swift */; };
		2495F0FC2217818D0024300F /* PensamentosAppUITests.swift in Sources */ = {isa = PBXBuildFile; fileRef = 2495F0FB2217818D0024300F /* PensamentosAppUITests.swift */; };
		2495F10B221782760024300F /* quotes.json in Resources */ = {isa = PBXBuildFile; fileRef = 2495F109221782760024300F /* quotes.json */; };
		2495F10C221782760024300F /* Savoye LET.ttc in Resources */ = {isa = PBXBuildFile; fileRef = 2495F10A221782760024300F /* Savoye LET.ttc */; };
		2495F10F22178EC40024300F /* QuotesViewController.swift in Sources */ = {isa = PBXBuildFile; fileRef = 2495F10E22178EC40024300F /* QuotesViewController.swift */; };
		2495F11122178ED30024300F /* SettingsViewController.swift in Sources */ = {isa = PBXBuildFile; fileRef = 2495F11022178ED30024300F /* SettingsViewController.swift */; };
		2495F115221793420024300F /* Quote.swift in Sources */ = {isa = PBXBuildFile; fileRef = 2495F114221793420024300F /* Quote.swift */; };
		2495F118221793B70024300F /* QuotesManager.swift in Sources */ = {isa = PBXBuildFile; fileRef = 2495F117221793B70024300F /* QuotesManager.swift */; };
		2495F11A221793E70024300F /* Configuration.swift in Sources */ = {isa = PBXBuildFile; fileRef = 2495F119221793E70024300F /* Configuration.swift */; };
/* End PBXBuildFile section */

/* Begin PBXContainerItemProxy section */
		2495F0ED2217818D0024300F /* PBXContainerItemProxy */ = {
			isa = PBXContainerItemProxy;
			containerPortal = 2495F0CD2217818B0024300F /* Project object */;
			proxyType = 1;
			remoteGlobalIDString = 2495F0D42217818B0024300F;
			remoteInfo = PensamentosApp;
		};
		2495F0F82217818D0024300F /* PBXContainerItemProxy */ = {
			isa = PBXContainerItemProxy;
			containerPortal = 2495F0CD2217818B0024300F /* Project object */;
			proxyType = 1;
			remoteGlobalIDString = 2495F0D42217818B0024300F;
			remoteInfo = PensamentosApp;
		};
/* End PBXContainerItemProxy section */

/* Begin PBXFileReference section */
		2495F0D52217818B0024300F /* PensamentosApp.app */ = {isa = PBXFileReference; explicitFileType = wrapper.application; includeInIndex = 0; path = PensamentosApp.app; sourceTree = BUILT_PRODUCTS_DIR; };
		2495F0D82217818B0024300F /* AppDelegate.swift */ = {isa = PBXFileReference; lastKnownFileType = sourcecode.swift; path = AppDelegate.swift; sourceTree = "<group>"; };
		2495F0DD2217818B0024300F /* Base */ = {isa = PBXFileReference; lastKnownFileType = file.storyboard; name = Base; path = Base.lproj/Main.storyboard; sourceTree = "<group>"; };
		2495F0E02217818B0024300F /* PensamentosApp.xcdatamodel */ = {isa = PBXFileReference; lastKnownFileType = wrapper.xcdatamodel; path = PensamentosApp.xcdatamodel; sourceTree = "<group>"; };
		2495F0E22217818D0024300F /* Assets.xcassets */ = {isa = PBXFileReference; lastKnownFileType = folder.assetcatalog; path = Assets.xcassets; sourceTree = "<group>"; };
		2495F0E52217818D0024300F /* Base */ = {isa = PBXFileReference; lastKnownFileType = file.storyboard; name = Base; path = Base.lproj/LaunchScreen.storyboard; sourceTree = "<group>"; };
		2495F0E72217818D0024300F /* Info.plist */ = {isa = PBXFileReference; lastKnownFileType = text.plist.xml; path = Info.plist; sourceTree = "<group>"; };
		2495F0EC2217818D0024300F /* PensamentosAppTests.xctest */ = {isa = PBXFileReference; explicitFileType = wrapper.cfbundle; includeInIndex = 0; path = PensamentosAppTests.xctest; sourceTree = BUILT_PRODUCTS_DIR; };
		2495F0F02217818D0024300F /* PensamentosAppTests.swift */ = {isa = PBXFileReference; lastKnownFileType = sourcecode.swift; path = PensamentosAppTests.swift; sourceTree = "<group>"; };
		2495F0F22217818D0024300F /* Info.plist */ = {isa = PBXFileReference; lastKnownFileType = text.plist.xml; path = Info.plist; sourceTree = "<group>"; };
		2495F0F72217818D0024300F /* PensamentosAppUITests.xctest */ = {isa = PBXFileReference; explicitFileType = wrapper.cfbundle; includeInIndex = 0; path = PensamentosAppUITests.xctest; sourceTree = BUILT_PRODUCTS_DIR; };
		2495F0FB2217818D0024300F /* PensamentosAppUITests.swift */ = {isa = PBXFileReference; lastKnownFileType = sourcecode.swift; path = PensamentosAppUITests.swift; sourceTree = "<group>"; };
		2495F0FD2217818D0024300F /* Info.plist */ = {isa = PBXFileReference; lastKnownFileType = text.plist.xml; path = Info.plist; sourceTree = "<group>"; };
		2495F109221782760024300F /* quotes.json */ = {isa = PBXFileReference; fileEncoding = 4; lastKnownFileType = text.json; path = quotes.json; sourceTree = "<group>"; };
		2495F10A221782760024300F /* Savoye LET.ttc */ = {isa = PBXFileReference; lastKnownFileType = file; path = "Savoye LET.ttc"; sourceTree = "<group>"; };
		2495F10E22178EC40024300F /* QuotesViewController.swift */ = {isa = PBXFileReference; lastKnownFileType = sourcecode.swift; path = QuotesViewController.swift; sourceTree = "<group>"; };
		2495F11022178ED30024300F /* SettingsViewController.swift */ = {isa = PBXFileReference; lastKnownFileType = sourcecode.swift; path = SettingsViewController.swift; sourceTree = "<group>"; };
		2495F114221793420024300F /* Quote.swift */ = {isa = PBXFileReference; lastKnownFileType = sourcecode.swift; path = Quote.swift; sourceTree = "<group>"; };
		2495F117221793B70024300F /* QuotesManager.swift */ = {isa = PBXFileReference; lastKnownFileType = sourcecode.swift; path = QuotesManager.swift; sourceTree = "<group>"; };
		2495F119221793E70024300F /* Configuration.swift */ = {isa = PBXFileReference; lastKnownFileType = sourcecode.swift; path = Configuration.swift; sourceTree = "<group>"; };
/* End PBXFileReference section */

/* Begin PBXFrameworksBuildPhase section */
		2495F0D22217818B0024300F /* Frameworks */ = {
			isa = PBXFrameworksBuildPhase;
			buildActionMask = 2147483647;
			files = (
			);
			runOnlyForDeploymentPostprocessing = 0;
		};
		2495F0E92217818D0024300F /* Frameworks */ = {
			isa = PBXFrameworksBuildPhase;
			buildActionMask = 2147483647;
			files = (
			);
			runOnlyForDeploymentPostprocessing = 0;
		};
		2495F0F42217818D0024300F /* Frameworks */ = {
			isa = PBXFrameworksBuildPhase;
			buildActionMask = 2147483647;
			files = (
			);
			runOnlyForDeploymentPostprocessing = 0;
		};
/* End PBXFrameworksBuildPhase section */

/* Begin PBXGroup section */
		2495F0CC2217818B0024300F = {
			isa = PBXGroup;
			children = (
				2495F0D72217818B0024300F /* PensamentosApp */,
				2495F0EF2217818D0024300F /* PensamentosAppTests */,
				2495F0FA2217818D0024300F /* PensamentosAppUITests */,
				2495F0D62217818B0024300F /* Products */,
			);
			sourceTree = "<group>";
		};
		2495F0D62217818B0024300F /* Products */ = {
			isa = PBXGroup;
			children = (
				2495F0D52217818B0024300F /* PensamentosApp.app */,
				2495F0EC2217818D0024300F /* PensamentosAppTests.xctest */,
				2495F0F72217818D0024300F /* PensamentosAppUITests.xctest */,
			);
			name = Products;
			sourceTree = "<group>";
		};
		2495F0D72217818B0024300F /* PensamentosApp */ = {
			isa = PBXGroup;
			children = (
				2495F0D82217818B0024300F /* AppDelegate.swift */,
				2495F10D2217827D0024300F /* Files */,
				2495F11322178EF50024300F /* Views */,
				2495F11222178EDD0024300F /* Controllers */,
				2495F1162217937E0024300F /* Models */,
				2495F0E22217818D0024300F /* Assets.xcassets */,
				2495F0E72217818D0024300F /* Info.plist */,
				2495F0DF2217818B0024300F /* PensamentosApp.xcdatamodeld */,
			);
			path = PensamentosApp;
			sourceTree = "<group>";
		};
		2495F0EF2217818D0024300F /* PensamentosAppTests */ = {
			isa = PBXGroup;
			children = (
				2495F0F02217818D0024300F /* PensamentosAppTests.swift */,
				2495F0F22217818D0024300F /* Info.plist */,
			);
			path = PensamentosAppTests;
			sourceTree = "<group>";
		};
		2495F0FA2217818D0024300F /* PensamentosAppUITests */ = {
			isa = PBXGroup;
			children = (
				2495F0FB2217818D0024300F /* PensamentosAppUITests.swift */,
				2495F0FD2217818D0024300F /* Info.plist */,
			);
			path = PensamentosAppUITests;
			sourceTree = "<group>";
		};
		2495F10D2217827D0024300F /* Files */ = {
			isa = PBXGroup;
			children = (
				2495F109221782760024300F /* quotes.json */,
				2495F10A221782760024300F /* Savoye LET.ttc */,
			);
			path = Files;
			sourceTree = "<group>";
		};
		2495F11222178EDD0024300F /* Controllers */ = {
			isa = PBXGroup;
			children = (
				2495F10E22178EC40024300F /* QuotesViewController.swift */,
				2495F11022178ED30024300F /* SettingsViewController.swift */,
			);
			path = Controllers;
			sourceTree = "<group>";
		};
		2495F11322178EF50024300F /* Views */ = {
			isa = PBXGroup;
			children = (
				2495F0DC2217818B0024300F /* Main.storyboard */,
				2495F0E42217818D0024300F /* LaunchScreen.storyboard */,
			);
			path = Views;
			sourceTree = "<group>";
		};
		2495F1162217937E0024300F /* Models */ = {
			isa = PBXGroup;
			children = (
				2495F114221793420024300F /* Quote.swift */,
				2495F117221793B70024300F /* QuotesManager.swift */,
				2495F119221793E70024300F /* Configuration.swift */,
			);
			path = Models;
			sourceTree = "<group>";
		};
/* End PBXGroup section */

/* Begin PBXNativeTarget section */
		2495F0D42217818B0024300F /* PensamentosApp */ = {
			isa = PBXNativeTarget;
			buildConfigurationList = 2495F1002217818D0024300F /* Build configuration list for PBXNativeTarget "PensamentosApp" */;
			buildPhases = (
				2495F0D12217818B0024300F /* Sources */,
				2495F0D22217818B0024300F /* Frameworks */,
				2495F0D32217818B0024300F /* Resources */,
			);
			buildRules = (
			);
			dependencies = (
			);
			name = PensamentosApp;
			productName = PensamentosApp;
			productReference = 2495F0D52217818B0024300F /* PensamentosApp.app */;
			productType = "com.apple.product-type.application";
		};
		2495F0EB2217818D0024300F /* PensamentosAppTests */ = {
			isa = PBXNativeTarget;
			buildConfigurationList = 2495F1032217818D0024300F /* Build configuration list for PBXNativeTarget "PensamentosAppTests" */;
			buildPhases = (
				2495F0E82217818D0024300F /* Sources */,
				2495F0E92217818D0024300F /* Frameworks */,
				2495F0EA2217818D0024300F /* Resources */,
			);
			buildRules = (
			);
			dependencies = (
				2495F0EE2217818D0024300F /* PBXTargetDependency */,
			);
			name = PensamentosAppTests;
			productName = PensamentosAppTests;
			productReference = 2495F0EC2217818D0024300F /* PensamentosAppTests.xctest */;
			productType = "com.apple.product-type.bundle.unit-test";
		};
		2495F0F62217818D0024300F /* PensamentosAppUITests */ = {
			isa = PBXNativeTarget;
			buildConfigurationList = 2495F1062217818D0024300F /* Build configuration list for PBXNativeTarget "PensamentosAppUITests" */;
			buildPhases = (
				2495F0F32217818D0024300F /* Sources */,
				2495F0F42217818D0024300F /* Frameworks */,
				2495F0F52217818D0024300F /* Resources */,
			);
			buildRules = (
			);
			dependencies = (
				2495F0F92217818D0024300F /* PBXTargetDependency */,
			);
			name = PensamentosAppUITests;
			productName = PensamentosAppUITests;
			productReference = 2495F0F72217818D0024300F /* PensamentosAppUITests.xctest */;
			productType = "com.apple.product-type.bundle.ui-testing";
		};
/* End PBXNativeTarget section */

/* Begin PBXProject section */
		2495F0CD2217818B0024300F /* Project object */ = {
			isa = PBXProject;
			attributes = {
				LastSwiftUpdateCheck = 1010;
				LastUpgradeCheck = 1010;
				ORGANIZATIONNAME = "Henrique Augusto";
				TargetAttributes = {
					2495F0D42217818B0024300F = {
						CreatedOnToolsVersion = 10.1;
					};
					2495F0EB2217818D0024300F = {
						CreatedOnToolsVersion = 10.1;
						TestTargetID = 2495F0D42217818B0024300F;
					};
					2495F0F62217818D0024300F = {
						CreatedOnToolsVersion = 10.1;
						TestTargetID = 2495F0D42217818B0024300F;
					};
				};
			};
			buildConfigurationList = 2495F0D02217818B0024300F /* Build configuration list for PBXProject "PensamentosApp" */;
			compatibilityVersion = "Xcode 9.3";
			developmentRegion = en;
			hasScannedForEncodings = 0;
			knownRegions = (
				en,
				Base,
			);
			mainGroup = 2495F0CC2217818B0024300F;
			productRefGroup = 2495F0D62217818B0024300F /* Products */;
			projectDirPath = "";
			projectRoot = "";
			targets = (
				2495F0D42217818B0024300F /* PensamentosApp */,
				2495F0EB2217818D0024300F /* PensamentosAppTests */,
				2495F0F62217818D0024300F /* PensamentosAppUITests */,
			);
		};
/* End PBXProject section */

/* Begin PBXResourcesBuildPhase section */
		2495F0D32217818B0024300F /* Resources */ = {
			isa = PBXResourcesBuildPhase;
			buildActionMask = 2147483647;
			files = (
				2495F10B221782760024300F /* quotes.json in Resources */,
				2495F0E62217818D0024300F /* LaunchScreen.storyboard in Resources */,
				2495F0E32217818D0024300F /* Assets.xcassets in Resources */,
				2495F10C221782760024300F /* Savoye LET.ttc in Resources */,
				2495F0DE2217818B0024300F /* Main.storyboard in Resources */,
			);
			runOnlyForDeploymentPostprocessing = 0;
		};
		2495F0EA2217818D0024300F /* Resources */ = {
			isa = PBXResourcesBuildPhase;
			buildActionMask = 2147483647;
			files = (
			);
			runOnlyForDeploymentPostprocessing = 0;
		};
		2495F0F52217818D0024300F /* Resources */ = {
			isa = PBXResourcesBuildPhase;
			buildActionMask = 2147483647;
			files = (
			);
			runOnlyForDeploymentPostprocessing = 0;
		};
/* End PBXResourcesBuildPhase section */

/* Begin PBXSourcesBuildPhase section */
		2495F0D12217818B0024300F /* Sources */ = {
			isa = PBXSourcesBuildPhase;
			buildActionMask = 2147483647;
			files = (
				2495F0D92217818B0024300F /* AppDelegate.swift in Sources */,
				2495F10F22178EC40024300F /* QuotesViewController.swift in Sources */,
				2495F11A221793E70024300F /* Configuration.swift in Sources */,
				2495F0E12217818B0024300F /* PensamentosApp.xcdatamodeld in Sources */,
				2495F115221793420024300F /* Quote.swift in Sources */,
				2495F118221793B70024300F /* QuotesManager.swift in Sources */,
				2495F11122178ED30024300F /* SettingsViewController.swift in Sources */,
			);
			runOnlyForDeploymentPostprocessing = 0;
		};
		2495F0E82217818D0024300F /* Sources */ = {
			isa = PBXSourcesBuildPhase;
			buildActionMask = 2147483647;
			files = (
				2495F0F12217818D0024300F /* PensamentosAppTests.swift in Sources */,
			);
			runOnlyForDeploymentPostprocessing = 0;
		};
		2495F0F32217818D0024300F /* Sources */ = {
			isa = PBXSourcesBuildPhase;
			buildActionMask = 2147483647;
			files = (
				2495F0FC2217818D0024300F /* PensamentosAppUITests.swift in Sources */,
			);
			runOnlyForDeploymentPostprocessing = 0;
		};
/* End PBXSourcesBuildPhase section */

/* Begin PBXTargetDependency section */
		2495F0EE2217818D0024300F /* PBXTargetDependency */ = {
			isa = PBXTargetDependency;
			target = 2495F0D42217818B0024300F /* PensamentosApp */;
			targetProxy = 2495F0ED2217818D0024300F /* PBXContainerItemProxy */;
		};
		2495F0F92217818D0024300F /* PBXTargetDependency */ = {
			isa = PBXTargetDependency;
			target = 2495F0D42217818B0024300F /* PensamentosApp */;
			targetProxy = 2495F0F82217818D0024300F /* PBXContainerItemProxy */;
		};
/* End PBXTargetDependency section */

/* Begin PBXVariantGroup section */
		2495F0DC2217818B0024300F /* Main.storyboard */ = {
			isa = PBXVariantGroup;
			children = (
				2495F0DD2217818B0024300F /* Base */,
			);
			name = Main.storyboard;
			sourceTree = "<group>";
		};
		2495F0E42217818D0024300F /* LaunchScreen.storyboard */ = {
			isa = PBXVariantGroup;
			children = (
				2495F0E52217818D0024300F /* Base */,
			);
			name = LaunchScreen.storyboard;
			sourceTree = "<group>";
		};
/* End PBXVariantGroup section */

/* Begin XCBuildConfiguration section */
		2495F0FE2217818D0024300F /* Debug */ = {
			isa = XCBuildConfiguration;
			buildSettings = {
				ALWAYS_SEARCH_USER_PATHS = NO;
				CLANG_ANALYZER_NONNULL = YES;
				CLANG_ANALYZER_NUMBER_OBJECT_CONVERSION = YES_AGGRESSIVE;
				CLANG_CXX_LANGUAGE_STANDARD = "gnu++14";
				CLANG_CXX_LIBRARY = "libc++";
				CLANG_ENABLE_MODULES = YES;
				CLANG_ENABLE_OBJC_ARC = YES;
				CLANG_ENABLE_OBJC_WEAK = YES;
				CLANG_WARN_BLOCK_CAPTURE_AUTORELEASING = YES;
				CLANG_WARN_BOOL_CONVERSION = YES;
				CLANG_WARN_COMMA = YES;
				CLANG_WARN_CONSTANT_CONVERSION = YES;
				CLANG_WARN_DEPRECATED_OBJC_IMPLEMENTATIONS = YES;
				CLANG_WARN_DIRECT_OBJC_ISA_USAGE = YES_ERROR;
				CLANG_WARN_DOCUMENTATION_COMMENTS = YES;
				CLANG_WARN_EMPTY_BODY = YES;
				CLANG_WARN_ENUM_CONVERSION = YES;
				CLANG_WARN_INFINITE_RECURSION = YES;
				CLANG_WARN_INT_CONVERSION = YES;
				CLANG_WARN_NON_LITERAL_NULL_CONVERSION = YES;
				CLANG_WARN_OBJC_IMPLICIT_RETAIN_SELF = YES;
				CLANG_WARN_OBJC_LITERAL_CONVERSION = YES;
				CLANG_WARN_OBJC_ROOT_CLASS = YES_ERROR;
				CLANG_WARN_RANGE_LOOP_ANALYSIS = YES;
				CLANG_WARN_STRICT_PROTOTYPES = YES;
				CLANG_WARN_SUSPICIOUS_MOVE = YES;
				CLANG_WARN_UNGUARDED_AVAILABILITY = YES_AGGRESSIVE;
				CLANG_WARN_UNREACHABLE_CODE = YES;
				CLANG_WARN__DUPLICATE_METHOD_MATCH = YES;
				CODE_SIGN_IDENTITY = "iPhone Developer";
				COPY_PHASE_STRIP = NO;
				DEBUG_INFORMATION_FORMAT = dwarf;
				ENABLE_STRICT_OBJC_MSGSEND = YES;
				ENABLE_TESTABILITY = YES;
				GCC_C_LANGUAGE_STANDARD = gnu11;
				GCC_DYNAMIC_NO_PIC = NO;
				GCC_NO_COMMON_BLOCKS = YES;
				GCC_OPTIMIZATION_LEVEL = 0;
				GCC_PREPROCESSOR_DEFINITIONS = (
					"DEBUG=1",
					"$(inherited)",
				);
				GCC_WARN_64_TO_32_BIT_CONVERSION = YES;
				GCC_WARN_ABOUT_RETURN_TYPE = YES_ERROR;
				GCC_WARN_UNDECLARED_SELECTOR = YES;
				GCC_WARN_UNINITIALIZED_AUTOS = YES_AGGRESSIVE;
				GCC_WARN_UNUSED_FUNCTION = YES;
				GCC_WARN_UNUSED_VARIABLE = YES;
				IPHONEOS_DEPLOYMENT_TARGET = 12.1;
				MTL_ENABLE_DEBUG_INFO = INCLUDE_SOURCE;
				MTL_FAST_MATH = YES;
				ONLY_ACTIVE_ARCH = YES;
				SDKROOT = iphoneos;
				SWIFT_ACTIVE_COMPILATION_CONDITIONS = DEBUG;
				SWIFT_OPTIMIZATION_LEVEL = "-Onone";
			};
			name = Debug;
		};
		2495F0FF2217818D0024300F /* Release */ = {
			isa = XCBuildConfiguration;
			buildSettings = {
				ALWAYS_SEARCH_USER_PATHS = NO;
				CLANG_ANALYZER_NONNULL = YES;
				CLANG_ANALYZER_NUMBER_OBJECT_CONVERSION = YES_AGGRESSIVE;
				CLANG_CXX_LANGUAGE_STANDARD = "gnu++14";
				CLANG_CXX_LIBRARY = "libc++";
				CLANG_ENABLE_MODULES = YES;
				CLANG_ENABLE_OBJC_ARC = YES;
				CLANG_ENABLE_OBJC_WEAK = YES;
				CLANG_WARN_BLOCK_CAPTURE_AUTORELEASING = YES;
				CLANG_WARN_BOOL_CONVERSION = YES;
				CLANG_WARN_COMMA = YES;
				CLANG_WARN_CONSTANT_CONVERSION = YES;
				CLANG_WARN_DEPRECATED_OBJC_IMPLEMENTATIONS = YES;
				CLANG_WARN_DIRECT_OBJC_ISA_USAGE = YES_ERROR;
				CLANG_WARN_DOCUMENTATION_COMMENTS = YES;
				CLANG_WARN_EMPTY_BODY = YES;
				CLANG_WARN_ENUM_CONVERSION = YES;
				CLANG_WARN_INFINITE_RECURSION = YES;
				CLANG_WARN_INT_CONVERSION = YES;
				CLANG_WARN_NON_LITERAL_NULL_CONVERSION = YES;
				CLANG_WARN_OBJC_IMPLICIT_RETAIN_SELF = YES;
				CLANG_WARN_OBJC_LITERAL_CONVERSION = YES;
				CLANG_WARN_OBJC_ROOT_CLASS = YES_ERROR;
				CLANG_WARN_RANGE_LOOP_ANALYSIS = YES;
				CLANG_WARN_STRICT_PROTOTYPES = YES;
				CLANG_WARN_SUSPICIOUS_MOVE = YES;
				CLANG_WARN_UNGUARDED_AVAILABILITY = YES_AGGRESSIVE;
				CLANG_WARN_UNREACHABLE_CODE = YES;
				CLANG_WARN__DUPLICATE_METHOD_MATCH = YES;
				CODE_SIGN_IDENTITY = "iPhone Developer";
				COPY_PHASE_STRIP = NO;
				DEBUG_INFORMATION_FORMAT = "dwarf-with-dsym";
				ENABLE_NS_ASSERTIONS = NO;
				ENABLE_STRICT_OBJC_MSGSEND = YES;
				GCC_C_LANGUAGE_STANDARD = gnu11;
				GCC_NO_COMMON_BLOCKS = YES;
				GCC_WARN_64_TO_32_BIT_CONVERSION = YES;
				GCC_WARN_ABOUT_RETURN_TYPE = YES_ERROR;
				GCC_WARN_UNDECLARED_SELECTOR = YES;
				GCC_WARN_UNINITIALIZED_AUTOS = YES_AGGRESSIVE;
				GCC_WARN_UNUSED_FUNCTION = YES;
				GCC_WARN_UNUSED_VARIABLE = YES;
				IPHONEOS_DEPLOYMENT_TARGET = 12.1;
				MTL_ENABLE_DEBUG_INFO = NO;
				MTL_FAST_MATH = YES;
				SDKROOT = iphoneos;
				SWIFT_COMPILATION_MODE = wholemodule;
				SWIFT_OPTIMIZATION_LEVEL = "-O";
				VALIDATE_PRODUCT = YES;
			};
			name = Release;
		};
		2495F1012217818D0024300F /* Debug */ = {
			isa = XCBuildConfiguration;
			buildSettings = {
				ASSETCATALOG_COMPILER_APPICON_NAME = AppIcon;
				CODE_SIGN_STYLE = Automatic;
				INFOPLIST_FILE = PensamentosApp/Info.plist;
				LD_RUNPATH_SEARCH_PATHS = (
					"$(inherited)",
					"@executable_path/Frameworks",
				);
				PRODUCT_BUNDLE_IDENTIFIER = com.henrique.PensamentosApp;
				PRODUCT_NAME = "$(TARGET_NAME)";
				SWIFT_VERSION = 4.2;
				TARGETED_DEVICE_FAMILY = 1;
			};
			name = Debug;
		};
		2495F1022217818D0024300F /* Release */ = {
			isa = XCBuildConfiguration;
			buildSettings = {
				ASSETCATALOG_COMPILER_APPICON_NAME = AppIcon;
				CODE_SIGN_STYLE = Automatic;
				INFOPLIST_FILE = PensamentosApp/Info.plist;
				LD_RUNPATH_SEARCH_PATHS = (
					"$(inherited)",
					"@executable_path/Frameworks",
				);
				PRODUCT_BUNDLE_IDENTIFIER = com.henrique.PensamentosApp;
				PRODUCT_NAME = "$(TARGET_NAME)";
				SWIFT_VERSION = 4.2;
				TARGETED_DEVICE_FAMILY = 1;
			};
			name = Release;
		};
		2495F1042217818D0024300F /* Debug */ = {
			isa = XCBuildConfiguration;
			buildSettings = {
				ALWAYS_EMBED_SWIFT_STANDARD_LIBRARIES = YES;
				BUNDLE_LOADER = "$(TEST_HOST)";
				CODE_SIGN_STYLE = Automatic;
				INFOPLIST_FILE = PensamentosAppTests/Info.plist;
				LD_RUNPATH_SEARCH_PATHS = (
					"$(inherited)",
					"@executable_path/Frameworks",
					"@loader_path/Frameworks",
				);
				PRODUCT_BUNDLE_IDENTIFIER = com.henrique.PensamentosAppTests;
				PRODUCT_NAME = "$(TARGET_NAME)";
				SWIFT_VERSION = 4.2;
				TARGETED_DEVICE_FAMILY = "1,2";
				TEST_HOST = "$(BUILT_PRODUCTS_DIR)/PensamentosApp.app/PensamentosApp";
			};
			name = Debug;
		};
		2495F1052217818D0024300F /* Release */ = {
			isa = XCBuildConfiguration;
			buildSettings = {
				ALWAYS_EMBED_SWIFT_STANDARD_LIBRARIES = YES;
				BUNDLE_LOADER = "$(TEST_HOST)";
				CODE_SIGN_STYLE = Automatic;
				INFOPLIST_FILE = PensamentosAppTests/Info.plist;
				LD_RUNPATH_SEARCH_PATHS = (
					"$(inherited)",
					"@executable_path/Frameworks",
					"@loader_path/Frameworks",
				);
				PRODUCT_BUNDLE_IDENTIFIER = com.henrique.PensamentosAppTests;
				PRODUCT_NAME = "$(TARGET_NAME)";
				SWIFT_VERSION = 4.2;
				TARGETED_DEVICE_FAMILY = "1,2";
				TEST_HOST = "$(BUILT_PRODUCTS_DIR)/PensamentosApp.app/PensamentosApp";
			};
			name = Release;
		};
		2495F1072217818D0024300F /* Debug */ = {
			isa = XCBuildConfiguration;
			buildSettings = {
				ALWAYS_EMBED_SWIFT_STANDARD_LIBRARIES = YES;
				CODE_SIGN_STYLE = Automatic;
				INFOPLIST_FILE = PensamentosAppUITests/Info.plist;
				LD_RUNPATH_SEARCH_PATHS = (
					"$(inherited)",
					"@executable_path/Frameworks",
					"@loader_path/Frameworks",
				);
				PRODUCT_BUNDLE_IDENTIFIER = com.henrique.PensamentosAppUITests;
				PRODUCT_NAME = "$(TARGET_NAME)";
				SWIFT_VERSION = 4.2;
				TARGETED_DEVICE_FAMILY = "1,2";
				TEST_TARGET_NAME = PensamentosApp;
			};
			name = Debug;
		};
		2495F1082217818D0024300F /* Release */ = {
			isa = XCBuildConfiguration;
			buildSettings = {
				ALWAYS_EMBED_SWIFT_STANDARD_LIBRARIES = YES;
				CODE_SIGN_STYLE = Automatic;
				INFOPLIST_FILE = PensamentosAppUITests/Info.plist;
				LD_RUNPATH_SEARCH_PATHS = (
					"$(inherited)",
					"@executable_path/Frameworks",
					"@loader_path/Frameworks",
				);
				PRODUCT_BUNDLE_IDENTIFIER = com.henrique.PensamentosAppUITests;
				PRODUCT_NAME = "$(TARGET_NAME)";
				SWIFT_VERSION = 4.2;
				TARGETED_DEVICE_FAMILY = "1,2";
				TEST_TARGET_NAME = PensamentosApp;
			};
			name = Release;
		};
/* End XCBuildConfiguration section */

/* Begin XCConfigurationList section */
		2495F0D02217818B0024300F /* Build configuration list for PBXProject "PensamentosApp" */ = {
			isa = XCConfigurationList;
			buildConfigurations = (
				2495F0FE2217818D0024300F /* Debug */,
				2495F0FF2217818D0024300F /* Release */,
			);
			defaultConfigurationIsVisible = 0;
			defaultConfigurationName = Release;
		};
		2495F1002217818D0024300F /* Build configuration list for PBXNativeTarget "PensamentosApp" */ = {
			isa = XCConfigurationList;
			buildConfigurations = (
				2495F1012217818D0024300F /* Debug */,
				2495F1022217818D0024300F /* Release */,
			);
			defaultConfigurationIsVisible = 0;
			defaultConfigurationName = Release;
		};
		2495F1032217818D0024300F /* Build configuration list for PBXNativeTarget "PensamentosAppTests" */ = {
			isa = XCConfigurationList;
			buildConfigurations = (
				2495F1042217818D0024300F /* Debug */,
				2495F1052217818D0024300F /* Release */,
			);
			defaultConfigurationIsVisible = 0;
			defaultConfigurationName = Release;
		};
		2495F1062217818D0024300F /* Build configuration list for PBXNativeTarget "PensamentosAppUITests" */ = {
			isa = XCConfigurationList;
			buildConfigurations = (
				2495F1072217818D0024300F /* Debug */,
				2495F1082217818D0024300F /* Release */,
			);
			defaultConfigurationIsVisible = 0;
			defaultConfigurationName = Release;
		};
/* End XCConfigurationList section */

/* Begin XCVersionGroup section */
		2495F0DF2217818B0024300F /* PensamentosApp.xcdatamodeld */ = {
			isa = XCVersionGroup;
			children = (
				2495F0E02217818B0024300F /* PensamentosApp.xcdatamodel */,
			);
			currentVersion = 2495F0E02217818B0024300F /* PensamentosApp.xcdatamodel */;
			path = PensamentosApp.xcdatamodeld;
			sourceTree = "<group>";
			versionGroupType = wrapper.xcdatamodel;
		};
/* End XCVersionGroup section */
	};
	rootObject = 2495F0CD2217818B0024300F /* Project object */;
}
