// !$*UTF8*$!
{
	archiveVersion = 1;
	classes = {
	};
	objectVersion = 50;
	objects = {

/* Begin PBXBuildFile section */
		246354D52214FDE3007CE56E /* AppDelegate.swift in Sources */ = {isa = PBXBuildFile; fileRef = 246354D42214FDE3007CE56E /* AppDelegate.swift */; };
		246354D72214FDE3007CE56E /* ViewController.swift in Sources */ = {isa = PBXBuildFile; fileRef = 246354D62214FDE3007CE56E /* ViewController.swift */; };
		246354DA2214FDE3007CE56E /* Main.storyboard in Resources */ = {isa = PBXBuildFile; fileRef = 246354D82214FDE3007CE56E /* Main.storyboard */; };
		246354DD2214FDE3007CE56E /* loteriasAppSwift.xcdatamodeld in Sources */ = {isa = PBXBuildFile; fileRef = 246354DB2214FDE3007CE56E /* loteriasAppSwift.xcdatamodeld */; };
		246354DF2214FDE7007CE56E /* Assets.xcassets in Resources */ = {isa = PBXBuildFile; fileRef = 246354DE2214FDE7007CE56E /* Assets.xcassets */; };
		246354E22214FDE7007CE56E /* LaunchScreen.storyboard in Resources */ = {isa = PBXBuildFile; fileRef = 246354E02214FDE7007CE56E /* LaunchScreen.storyboard */; };
		246354ED2214FDE7007CE56E /* loteriasAppSwiftTests.swift in Sources */ = {isa = PBXBuildFile; fileRef = 246354EC2214FDE7007CE56E /* loteriasAppSwiftTests.swift */; };
		246354F82214FDE7007CE56E /* loteriasAppSwiftUITests.swift in Sources */ = {isa = PBXBuildFile; fileRef = 246354F72214FDE7007CE56E /* loteriasAppSwiftUITests.swift */; };
/* End PBXBuildFile section */

/* Begin PBXContainerItemProxy section */
		246354E92214FDE7007CE56E /* PBXContainerItemProxy */ = {
			isa = PBXContainerItemProxy;
			containerPortal = 246354C92214FDE3007CE56E /* Project object */;
			proxyType = 1;
			remoteGlobalIDString = 246354D02214FDE3007CE56E;
			remoteInfo = loteriasAppSwift;
		};
		246354F42214FDE7007CE56E /* PBXContainerItemProxy */ = {
			isa = PBXContainerItemProxy;
			containerPortal = 246354C92214FDE3007CE56E /* Project object */;
			proxyType = 1;
			remoteGlobalIDString = 246354D02214FDE3007CE56E;
			remoteInfo = loteriasAppSwift;
		};
/* End PBXContainerItemProxy section */

/* Begin PBXFileReference section */
		246354D12214FDE3007CE56E /* loteriasAppSwift.app */ = {isa = PBXFileReference; explicitFileType = wrapper.application; includeInIndex = 0; path = loteriasAppSwift.app; sourceTree = BUILT_PRODUCTS_DIR; };
		246354D42214FDE3007CE56E /* AppDelegate.swift */ = {isa = PBXFileReference; lastKnownFileType = sourcecode.swift; path = AppDelegate.swift; sourceTree = "<group>"; };
		246354D62214FDE3007CE56E /* ViewController.swift */ = {isa = PBXFileReference; lastKnownFileType = sourcecode.swift; path = ViewController.swift; sourceTree = "<group>"; };
		246354D92214FDE3007CE56E /* Base */ = {isa = PBXFileReference; lastKnownFileType = file.storyboard; name = Base; path = Base.lproj/Main.storyboard; sourceTree = "<group>"; };
		246354DC2214FDE3007CE56E /* loteriasAppSwift.xcdatamodel */ = {isa = PBXFileReference; lastKnownFileType = wrapper.xcdatamodel; path = loteriasAppSwift.xcdatamodel; sourceTree = "<group>"; };
		246354DE2214FDE7007CE56E /* Assets.xcassets */ = {isa = PBXFileReference; lastKnownFileType = folder.assetcatalog; path = Assets.xcassets; sourceTree = "<group>"; };
		246354E12214FDE7007CE56E /* Base */ = {isa = PBXFileReference; lastKnownFileType = file.storyboard; name = Base; path = Base.lproj/LaunchScreen.storyboard; sourceTree = "<group>"; };
		246354E32214FDE7007CE56E /* Info.plist */ = {isa = PBXFileReference; lastKnownFileType = text.plist.xml; path = Info.plist; sourceTree = "<group>"; };
		246354E82214FDE7007CE56E /* loteriasAppSwiftTests.xctest */ = {isa = PBXFileReference; explicitFileType = wrapper.cfbundle; includeInIndex = 0; path = loteriasAppSwiftTests.xctest; sourceTree = BUILT_PRODUCTS_DIR; };
		246354EC2214FDE7007CE56E /* loteriasAppSwiftTests.swift */ = {isa = PBXFileReference; lastKnownFileType = sourcecode.swift; path = loteriasAppSwiftTests.swift; sourceTree = "<group>"; };
		246354EE2214FDE7007CE56E /* Info.plist */ = {isa = PBXFileReference; lastKnownFileType = text.plist.xml; path = Info.plist; sourceTree = "<group>"; };
		246354F32214FDE7007CE56E /* loteriasAppSwiftUITests.xctest */ = {isa = PBXFileReference; explicitFileType = wrapper.cfbundle; includeInIndex = 0; path = loteriasAppSwiftUITests.xctest; sourceTree = BUILT_PRODUCTS_DIR; };
		246354F72214FDE7007CE56E /* loteriasAppSwiftUITests.swift */ = {isa = PBXFileReference; lastKnownFileType = sourcecode.swift; path = loteriasAppSwiftUITests.swift; sourceTree = "<group>"; };
		246354F92214FDE7007CE56E /* Info.plist */ = {isa = PBXFileReference; lastKnownFileType = text.plist.xml; path = Info.plist; sourceTree = "<group>"; };
/* End PBXFileReference section */

/* Begin PBXFrameworksBuildPhase section */
		246354CE2214FDE3007CE56E /* Frameworks */ = {
			isa = PBXFrameworksBuildPhase;
			buildActionMask = 2147483647;
			files = (
			);
			runOnlyForDeploymentPostprocessing = 0;
		};
		246354E52214FDE7007CE56E /* Frameworks */ = {
			isa = PBXFrameworksBuildPhase;
			buildActionMask = 2147483647;
			files = (
			);
			runOnlyForDeploymentPostprocessing = 0;
		};
		246354F02214FDE7007CE56E /* Frameworks */ = {
			isa = PBXFrameworksBuildPhase;
			buildActionMask = 2147483647;
			files = (
			);
			runOnlyForDeploymentPostprocessing = 0;
		};
/* End PBXFrameworksBuildPhase section */

/* Begin PBXGroup section */
		246354C82214FDE3007CE56E = {
			isa = PBXGroup;
			children = (
				246354D32214FDE3007CE56E /* loteriasAppSwift */,
				246354EB2214FDE7007CE56E /* loteriasAppSwiftTests */,
				246354F62214FDE7007CE56E /* loteriasAppSwiftUITests */,
				246354D22214FDE3007CE56E /* Products */,
			);
			sourceTree = "<group>";
		};
		246354D22214FDE3007CE56E /* Products */ = {
			isa = PBXGroup;
			children = (
				246354D12214FDE3007CE56E /* loteriasAppSwift.app */,
				246354E82214FDE7007CE56E /* loteriasAppSwiftTests.xctest */,
				246354F32214FDE7007CE56E /* loteriasAppSwiftUITests.xctest */,
			);
			name = Products;
			sourceTree = "<group>";
		};
		246354D32214FDE3007CE56E /* loteriasAppSwift */ = {
			isa = PBXGroup;
			children = (
				246354D42214FDE3007CE56E /* AppDelegate.swift */,
				246354D62214FDE3007CE56E /* ViewController.swift */,
				246354D82214FDE3007CE56E /* Main.storyboard */,
				246354DE2214FDE7007CE56E /* Assets.xcassets */,
				246354E02214FDE7007CE56E /* LaunchScreen.storyboard */,
				246354E32214FDE7007CE56E /* Info.plist */,
				246354DB2214FDE3007CE56E /* loteriasAppSwift.xcdatamodeld */,
			);
			path = loteriasAppSwift;
			sourceTree = "<group>";
		};
		246354EB2214FDE7007CE56E /* loteriasAppSwiftTests */ = {
			isa = PBXGroup;
			children = (
				246354EC2214FDE7007CE56E /* loteriasAppSwiftTests.swift */,
				246354EE2214FDE7007CE56E /* Info.plist */,
			);
			path = loteriasAppSwiftTests;
			sourceTree = "<group>";
		};
		246354F62214FDE7007CE56E /* loteriasAppSwiftUITests */ = {
			isa = PBXGroup;
			children = (
				246354F72214FDE7007CE56E /* loteriasAppSwiftUITests.swift */,
				246354F92214FDE7007CE56E /* Info.plist */,
			);
			path = loteriasAppSwiftUITests;
			sourceTree = "<group>";
		};
/* End PBXGroup section */

/* Begin PBXNativeTarget section */
		246354D02214FDE3007CE56E /* loteriasAppSwift */ = {
			isa = PBXNativeTarget;
			buildConfigurationList = 246354FC2214FDE7007CE56E /* Build configuration list for PBXNativeTarget "loteriasAppSwift" */;
			buildPhases = (
				246354CD2214FDE3007CE56E /* Sources */,
				246354CE2214FDE3007CE56E /* Frameworks */,
				246354CF2214FDE3007CE56E /* Resources */,
			);
			buildRules = (
			);
			dependencies = (
			);
			name = loteriasAppSwift;
			productName = loteriasAppSwift;
			productReference = 246354D12214FDE3007CE56E /* loteriasAppSwift.app */;
			productType = "com.apple.product-type.application";
		};
		246354E72214FDE7007CE56E /* loteriasAppSwiftTests */ = {
			isa = PBXNativeTarget;
			buildConfigurationList = 246354FF2214FDE7007CE56E /* Build configuration list for PBXNativeTarget "loteriasAppSwiftTests" */;
			buildPhases = (
				246354E42214FDE7007CE56E /* Sources */,
				246354E52214FDE7007CE56E /* Frameworks */,
				246354E62214FDE7007CE56E /* Resources */,
			);
			buildRules = (
			);
			dependencies = (
				246354EA2214FDE7007CE56E /* PBXTargetDependency */,
			);
			name = loteriasAppSwiftTests;
			productName = loteriasAppSwiftTests;
			productReference = 246354E82214FDE7007CE56E /* loteriasAppSwiftTests.xctest */;
			productType = "com.apple.product-type.bundle.unit-test";
		};
		246354F22214FDE7007CE56E /* loteriasAppSwiftUITests */ = {
			isa = PBXNativeTarget;
			buildConfigurationList = 246355022214FDE7007CE56E /* Build configuration list for PBXNativeTarget "loteriasAppSwiftUITests" */;
			buildPhases = (
				246354EF2214FDE7007CE56E /* Sources */,
				246354F02214FDE7007CE56E /* Frameworks */,
				246354F12214FDE7007CE56E /* Resources */,
			);
			buildRules = (
			);
			dependencies = (
				246354F52214FDE7007CE56E /* PBXTargetDependency */,
			);
			name = loteriasAppSwiftUITests;
			productName = loteriasAppSwiftUITests;
			productReference = 246354F32214FDE7007CE56E /* loteriasAppSwiftUITests.xctest */;
			productType = "com.apple.product-type.bundle.ui-testing";
		};
/* End PBXNativeTarget section */

/* Begin PBXProject section */
		246354C92214FDE3007CE56E /* Project object */ = {
			isa = PBXProject;
			attributes = {
				LastSwiftUpdateCheck = 1010;
				LastUpgradeCheck = 1010;
				ORGANIZATIONNAME = "Henrique Augusto";
				TargetAttributes = {
					246354D02214FDE3007CE56E = {
						CreatedOnToolsVersion = 10.1;
					};
					246354E72214FDE7007CE56E = {
						CreatedOnToolsVersion = 10.1;
						TestTargetID = 246354D02214FDE3007CE56E;
					};
					246354F22214FDE7007CE56E = {
						CreatedOnToolsVersion = 10.1;
						TestTargetID = 246354D02214FDE3007CE56E;
					};
				};
			};
			buildConfigurationList = 246354CC2214FDE3007CE56E /* Build configuration list for PBXProject "loteriasAppSwift" */;
			compatibilityVersion = "Xcode 9.3";
			developmentRegion = en;
			hasScannedForEncodings = 0;
			knownRegions = (
				en,
				Base,
			);
			mainGroup = 246354C82214FDE3007CE56E;
			productRefGroup = 246354D22214FDE3007CE56E /* Products */;
			projectDirPath = "";
			projectRoot = "";
			targets = (
				246354D02214FDE3007CE56E /* loteriasAppSwift */,
				246354E72214FDE7007CE56E /* loteriasAppSwiftTests */,
				246354F22214FDE7007CE56E /* loteriasAppSwiftUITests */,
			);
		};
/* End PBXProject section */

/* Begin PBXResourcesBuildPhase section */
		246354CF2214FDE3007CE56E /* Resources */ = {
			isa = PBXResourcesBuildPhase;
			buildActionMask = 2147483647;
			files = (
				246354E22214FDE7007CE56E /* LaunchScreen.storyboard in Resources */,
				246354DF2214FDE7007CE56E /* Assets.xcassets in Resources */,
				246354DA2214FDE3007CE56E /* Main.storyboard in Resources */,
			);
			runOnlyForDeploymentPostprocessing = 0;
		};
		246354E62214FDE7007CE56E /* Resources */ = {
			isa = PBXResourcesBuildPhase;
			buildActionMask = 2147483647;
			files = (
			);
			runOnlyForDeploymentPostprocessing = 0;
		};
		246354F12214FDE7007CE56E /* Resources */ = {
			isa = PBXResourcesBuildPhase;
			buildActionMask = 2147483647;
			files = (
			);
			runOnlyForDeploymentPostprocessing = 0;
		};
/* End PBXResourcesBuildPhase section */

/* Begin PBXSourcesBuildPhase section */
		246354CD2214FDE3007CE56E /* Sources */ = {
			isa = PBXSourcesBuildPhase;
			buildActionMask = 2147483647;
			files = (
				246354DD2214FDE3007CE56E /* loteriasAppSwift.xcdatamodeld in Sources */,
				246354D72214FDE3007CE56E /* ViewController.swift in Sources */,
				246354D52214FDE3007CE56E /* AppDelegate.swift in Sources */,
			);
			runOnlyForDeploymentPostprocessing = 0;
		};
		246354E42214FDE7007CE56E /* Sources */ = {
			isa = PBXSourcesBuildPhase;
			buildActionMask = 2147483647;
			files = (
				246354ED2214FDE7007CE56E /* loteriasAppSwiftTests.swift in Sources */,
			);
			runOnlyForDeploymentPostprocessing = 0;
		};
		246354EF2214FDE7007CE56E /* Sources */ = {
			isa = PBXSourcesBuildPhase;
			buildActionMask = 2147483647;
			files = (
				246354F82214FDE7007CE56E /* loteriasAppSwiftUITests.swift in Sources */,
			);
			runOnlyForDeploymentPostprocessing = 0;
		};
/* End PBXSourcesBuildPhase section */

/* Begin PBXTargetDependency section */
		246354EA2214FDE7007CE56E /* PBXTargetDependency */ = {
			isa = PBXTargetDependency;
			target = 246354D02214FDE3007CE56E /* loteriasAppSwift */;
			targetProxy = 246354E92214FDE7007CE56E /* PBXContainerItemProxy */;
		};
		246354F52214FDE7007CE56E /* PBXTargetDependency */ = {
			isa = PBXTargetDependency;
			target = 246354D02214FDE3007CE56E /* loteriasAppSwift */;
			targetProxy = 246354F42214FDE7007CE56E /* PBXContainerItemProxy */;
		};
/* End PBXTargetDependency section */

/* Begin PBXVariantGroup section */
		246354D82214FDE3007CE56E /* Main.storyboard */ = {
			isa = PBXVariantGroup;
			children = (
				246354D92214FDE3007CE56E /* Base */,
			);
			name = Main.storyboard;
			sourceTree = "<group>";
		};
		246354E02214FDE7007CE56E /* LaunchScreen.storyboard */ = {
			isa = PBXVariantGroup;
			children = (
				246354E12214FDE7007CE56E /* Base */,
			);
			name = LaunchScreen.storyboard;
			sourceTree = "<group>";
		};
/* End PBXVariantGroup section */

/* Begin XCBuildConfiguration section */
		246354FA2214FDE7007CE56E /* Debug */ = {
			isa = XCBuildConfiguration;
			buildSettings = {
				ALWAYS_SEARCH_USER_PATHS = NO;
				CLANG_ANALYZER_NONNULL = YES;
				CLANG_ANALYZER_NUMBER_OBJECT_CONVERSION = YES_AGGRESSIVE;
				CLANG_CXX_LANGUAGE_STANDARD = "gnu++14";
				CLANG_CXX_LIBRARY = "libc++";
				CLANG_ENABLE_MODULES = YES;
				CLANG_ENABLE_OBJC_ARC = YES;
				CLANG_ENABLE_OBJC_WEAK = YES;
				CLANG_WARN_BLOCK_CAPTURE_AUTORELEASING = YES;
				CLANG_WARN_BOOL_CONVERSION = YES;
				CLANG_WARN_COMMA = YES;
				CLANG_WARN_CONSTANT_CONVERSION = YES;
				CLANG_WARN_DEPRECATED_OBJC_IMPLEMENTATIONS = YES;
				CLANG_WARN_DIRECT_OBJC_ISA_USAGE = YES_ERROR;
				CLANG_WARN_DOCUMENTATION_COMMENTS = YES;
				CLANG_WARN_EMPTY_BODY = YES;
				CLANG_WARN_ENUM_CONVERSION = YES;
				CLANG_WARN_INFINITE_RECURSION = YES;
				CLANG_WARN_INT_CONVERSION = YES;
				CLANG_WARN_NON_LITERAL_NULL_CONVERSION = YES;
				CLANG_WARN_OBJC_IMPLICIT_RETAIN_SELF = YES;
				CLANG_WARN_OBJC_LITERAL_CONVERSION = YES;
				CLANG_WARN_OBJC_ROOT_CLASS = YES_ERROR;
				CLANG_WARN_RANGE_LOOP_ANALYSIS = YES;
				CLANG_WARN_STRICT_PROTOTYPES = YES;
				CLANG_WARN_SUSPICIOUS_MOVE = YES;
				CLANG_WARN_UNGUARDED_AVAILABILITY = YES_AGGRESSIVE;
				CLANG_WARN_UNREACHABLE_CODE = YES;
				CLANG_WARN__DUPLICATE_METHOD_MATCH = YES;
				CODE_SIGN_IDENTITY = "iPhone Developer";
				COPY_PHASE_STRIP = NO;
				DEBUG_INFORMATION_FORMAT = dwarf;
				ENABLE_STRICT_OBJC_MSGSEND = YES;
				ENABLE_TESTABILITY = YES;
				GCC_C_LANGUAGE_STANDARD = gnu11;
				GCC_DYNAMIC_NO_PIC = NO;
				GCC_NO_COMMON_BLOCKS = YES;
				GCC_OPTIMIZATION_LEVEL = 0;
				GCC_PREPROCESSOR_DEFINITIONS = (
					"DEBUG=1",
					"$(inherited)",
				);
				GCC_WARN_64_TO_32_BIT_CONVERSION = YES;
				GCC_WARN_ABOUT_RETURN_TYPE = YES_ERROR;
				GCC_WARN_UNDECLARED_SELECTOR = YES;
				GCC_WARN_UNINITIALIZED_AUTOS = YES_AGGRESSIVE;
				GCC_WARN_UNUSED_FUNCTION = YES;
				GCC_WARN_UNUSED_VARIABLE = YES;
				IPHONEOS_DEPLOYMENT_TARGET = 12.1;
				MTL_ENABLE_DEBUG_INFO = INCLUDE_SOURCE;
				MTL_FAST_MATH = YES;
				ONLY_ACTIVE_ARCH = YES;
				SDKROOT = iphoneos;
				SWIFT_ACTIVE_COMPILATION_CONDITIONS = DEBUG;
				SWIFT_OPTIMIZATION_LEVEL = "-Onone";
			};
			name = Debug;
		};
		246354FB2214FDE7007CE56E /* Release */ = {
			isa = XCBuildConfiguration;
			buildSettings = {
				ALWAYS_SEARCH_USER_PATHS = NO;
				CLANG_ANALYZER_NONNULL = YES;
				CLANG_ANALYZER_NUMBER_OBJECT_CONVERSION = YES_AGGRESSIVE;
				CLANG_CXX_LANGUAGE_STANDARD = "gnu++14";
				CLANG_CXX_LIBRARY = "libc++";
				CLANG_ENABLE_MODULES = YES;
				CLANG_ENABLE_OBJC_ARC = YES;
				CLANG_ENABLE_OBJC_WEAK = YES;
				CLANG_WARN_BLOCK_CAPTURE_AUTORELEASING = YES;
				CLANG_WARN_BOOL_CONVERSION = YES;
				CLANG_WARN_COMMA = YES;
				CLANG_WARN_CONSTANT_CONVERSION = YES;
				CLANG_WARN_DEPRECATED_OBJC_IMPLEMENTATIONS = YES;
				CLANG_WARN_DIRECT_OBJC_ISA_USAGE = YES_ERROR;
				CLANG_WARN_DOCUMENTATION_COMMENTS = YES;
				CLANG_WARN_EMPTY_BODY = YES;
				CLANG_WARN_ENUM_CONVERSION = YES;
				CLANG_WARN_INFINITE_RECURSION = YES;
				CLANG_WARN_INT_CONVERSION = YES;
				CLANG_WARN_NON_LITERAL_NULL_CONVERSION = YES;
				CLANG_WARN_OBJC_IMPLICIT_RETAIN_SELF = YES;
				CLANG_WARN_OBJC_LITERAL_CONVERSION = YES;
				CLANG_WARN_OBJC_ROOT_CLASS = YES_ERROR;
				CLANG_WARN_RANGE_LOOP_ANALYSIS = YES;
				CLANG_WARN_STRICT_PROTOTYPES = YES;
				CLANG_WARN_SUSPICIOUS_MOVE = YES;
				CLANG_WARN_UNGUARDED_AVAILABILITY = YES_AGGRESSIVE;
				CLANG_WARN_UNREACHABLE_CODE = YES;
				CLANG_WARN__DUPLICATE_METHOD_MATCH = YES;
				CODE_SIGN_IDENTITY = "iPhone Developer";
				COPY_PHASE_STRIP = NO;
				DEBUG_INFORMATION_FORMAT = "dwarf-with-dsym";
				ENABLE_NS_ASSERTIONS = NO;
				ENABLE_STRICT_OBJC_MSGSEND = YES;
				GCC_C_LANGUAGE_STANDARD = gnu11;
				GCC_NO_COMMON_BLOCKS = YES;
				GCC_WARN_64_TO_32_BIT_CONVERSION = YES;
				GCC_WARN_ABOUT_RETURN_TYPE = YES_ERROR;
				GCC_WARN_UNDECLARED_SELECTOR = YES;
				GCC_WARN_UNINITIALIZED_AUTOS = YES_AGGRESSIVE;
				GCC_WARN_UNUSED_FUNCTION = YES;
				GCC_WARN_UNUSED_VARIABLE = YES;
				IPHONEOS_DEPLOYMENT_TARGET = 12.1;
				MTL_ENABLE_DEBUG_INFO = NO;
				MTL_FAST_MATH = YES;
				SDKROOT = iphoneos;
				SWIFT_COMPILATION_MODE = wholemodule;
				SWIFT_OPTIMIZATION_LEVEL = "-O";
				VALIDATE_PRODUCT = YES;
			};
			name = Release;
		};
		246354FD2214FDE7007CE56E /* Debug */ = {
			isa = XCBuildConfiguration;
			buildSettings = {
				ASSETCATALOG_COMPILER_APPICON_NAME = AppIcon;
				CODE_SIGN_STYLE = Automatic;
				INFOPLIST_FILE = loteriasAppSwift/Info.plist;
				LD_RUNPATH_SEARCH_PATHS = (
					"$(inherited)",
					"@executable_path/Frameworks",
				);
				PRODUCT_BUNDLE_IDENTIFIER = com.henrique.loteriasAppSwift;
				PRODUCT_NAME = "$(TARGET_NAME)";
				SWIFT_VERSION = 4.2;
				TARGETED_DEVICE_FAMILY = "1,2";
			};
			name = Debug;
		};
		246354FE2214FDE7007CE56E /* Release */ = {
			isa = XCBuildConfiguration;
			buildSettings = {
				ASSETCATALOG_COMPILER_APPICON_NAME = AppIcon;
				CODE_SIGN_STYLE = Automatic;
				INFOPLIST_FILE = loteriasAppSwift/Info.plist;
				LD_RUNPATH_SEARCH_PATHS = (
					"$(inherited)",
					"@executable_path/Frameworks",
				);
				PRODUCT_BUNDLE_IDENTIFIER = com.henrique.loteriasAppSwift;
				PRODUCT_NAME = "$(TARGET_NAME)";
				SWIFT_VERSION = 4.2;
				TARGETED_DEVICE_FAMILY = "1,2";
			};
			name = Release;
		};
		246355002214FDE7007CE56E /* Debug */ = {
			isa = XCBuildConfiguration;
			buildSettings = {
				ALWAYS_EMBED_SWIFT_STANDARD_LIBRARIES = YES;
				BUNDLE_LOADER = "$(TEST_HOST)";
				CODE_SIGN_STYLE = Automatic;
				INFOPLIST_FILE = loteriasAppSwiftTests/Info.plist;
				LD_RUNPATH_SEARCH_PATHS = (
					"$(inherited)",
					"@executable_path/Frameworks",
					"@loader_path/Frameworks",
				);
				PRODUCT_BUNDLE_IDENTIFIER = com.henrique.loteriasAppSwiftTests;
				PRODUCT_NAME = "$(TARGET_NAME)";
				SWIFT_VERSION = 4.2;
				TARGETED_DEVICE_FAMILY = "1,2";
				TEST_HOST = "$(BUILT_PRODUCTS_DIR)/loteriasAppSwift.app/loteriasAppSwift";
			};
			name = Debug;
		};
		246355012214FDE7007CE56E /* Release */ = {
			isa = XCBuildConfiguration;
			buildSettings = {
				ALWAYS_EMBED_SWIFT_STANDARD_LIBRARIES = YES;
				BUNDLE_LOADER = "$(TEST_HOST)";
				CODE_SIGN_STYLE = Automatic;
				INFOPLIST_FILE = loteriasAppSwiftTests/Info.plist;
				LD_RUNPATH_SEARCH_PATHS = (
					"$(inherited)",
					"@executable_path/Frameworks",
					"@loader_path/Frameworks",
				);
				PRODUCT_BUNDLE_IDENTIFIER = com.henrique.loteriasAppSwiftTests;
				PRODUCT_NAME = "$(TARGET_NAME)";
				SWIFT_VERSION = 4.2;
				TARGETED_DEVICE_FAMILY = "1,2";
				TEST_HOST = "$(BUILT_PRODUCTS_DIR)/loteriasAppSwift.app/loteriasAppSwift";
			};
			name = Release;
		};
		246355032214FDE7007CE56E /* Debug */ = {
			isa = XCBuildConfiguration;
			buildSettings = {
				ALWAYS_EMBED_SWIFT_STANDARD_LIBRARIES = YES;
				CODE_SIGN_STYLE = Automatic;
				INFOPLIST_FILE = loteriasAppSwiftUITests/Info.plist;
				LD_RUNPATH_SEARCH_PATHS = (
					"$(inherited)",
					"@executable_path/Frameworks",
					"@loader_path/Frameworks",
				);
				PRODUCT_BUNDLE_IDENTIFIER = com.henrique.loteriasAppSwiftUITests;
				PRODUCT_NAME = "$(TARGET_NAME)";
				SWIFT_VERSION = 4.2;
				TARGETED_DEVICE_FAMILY = "1,2";
				TEST_TARGET_NAME = loteriasAppSwift;
			};
			name = Debug;
		};
		246355042214FDE7007CE56E /* Release */ = {
			isa = XCBuildConfiguration;
			buildSettings = {
				ALWAYS_EMBED_SWIFT_STANDARD_LIBRARIES = YES;
				CODE_SIGN_STYLE = Automatic;
				INFOPLIST_FILE = loteriasAppSwiftUITests/Info.plist;
				LD_RUNPATH_SEARCH_PATHS = (
					"$(inherited)",
					"@executable_path/Frameworks",
					"@loader_path/Frameworks",
				);
				PRODUCT_BUNDLE_IDENTIFIER = com.henrique.loteriasAppSwiftUITests;
				PRODUCT_NAME = "$(TARGET_NAME)";
				SWIFT_VERSION = 4.2;
				TARGETED_DEVICE_FAMILY = "1,2";
				TEST_TARGET_NAME = loteriasAppSwift;
			};
			name = Release;
		};
/* End XCBuildConfiguration section */

/* Begin XCConfigurationList section */
		246354CC2214FDE3007CE56E /* Build configuration list for PBXProject "loteriasAppSwift" */ = {
			isa = XCConfigurationList;
			buildConfigurations = (
				246354FA2214FDE7007CE56E /* Debug */,
				246354FB2214FDE7007CE56E /* Release */,
			);
			defaultConfigurationIsVisible = 0;
			defaultConfigurationName = Release;
		};
		246354FC2214FDE7007CE56E /* Build configuration list for PBXNativeTarget "loteriasAppSwift" */ = {
			isa = XCConfigurationList;
			buildConfigurations = (
				246354FD2214FDE7007CE56E /* Debug */,
				246354FE2214FDE7007CE56E /* Release */,
			);
			defaultConfigurationIsVisible = 0;
			defaultConfigurationName = Release;
		};
		246354FF2214FDE7007CE56E /* Build configuration list for PBXNativeTarget "loteriasAppSwiftTests" */ = {
			isa = XCConfigurationList;
			buildConfigurations = (
				246355002214FDE7007CE56E /* Debug */,
				246355012214FDE7007CE56E /* Release */,
			);
			defaultConfigurationIsVisible = 0;
			defaultConfigurationName = Release;
		};
		246355022214FDE7007CE56E /* Build configuration list for PBXNativeTarget "loteriasAppSwiftUITests" */ = {
			isa = XCConfigurationList;
			buildConfigurations = (
				246355032214FDE7007CE56E /* Debug */,
				246355042214FDE7007CE56E /* Release */,
			);
			defaultConfigurationIsVisible = 0;
			defaultConfigurationName = Release;
		};
/* End XCConfigurationList section */

/* Begin XCVersionGroup section */
		246354DB2214FDE3007CE56E /* loteriasAppSwift.xcdatamodeld */ = {
			isa = XCVersionGroup;
			children = (
				246354DC2214FDE3007CE56E /* loteriasAppSwift.xcdatamodel */,
			);
			currentVersion = 246354DC2214FDE3007CE56E /* loteriasAppSwift.xcdatamodel */;
			path = loteriasAppSwift.xcdatamodeld;
			sourceTree = "<group>";
			versionGroupType = wrapper.xcdatamodel;
		};
/* End XCVersionGroup section */
	};
	rootObject = 246354C92214FDE3007CE56E /* Project object */;
}
